// !$*UTF8*$!
{
	archiveVersion = 1;
	classes = {
	};
	objectVersion = 50;
	objects = {

/* Begin PBXBuildFile section */
		B619963D22B7CCEB008631EB /* AppDelegate.swift in Sources */ = {isa = PBXBuildFile; fileRef = B619963C22B7CCEB008631EB /* AppDelegate.swift */; };
		B619963F22B7CCEB008631EB /* ViewController.swift in Sources */ = {isa = PBXBuildFile; fileRef = B619963E22B7CCEB008631EB /* ViewController.swift */; };
		B619964222B7CCEB008631EB /* Main.storyboard in Resources */ = {isa = PBXBuildFile; fileRef = B619964022B7CCEB008631EB /* Main.storyboard */; };
		B619964422B7CCED008631EB /* Assets.xcassets in Resources */ = {isa = PBXBuildFile; fileRef = B619964322B7CCED008631EB /* Assets.xcassets */; };
		B619964722B7CCED008631EB /* LaunchScreen.storyboard in Resources */ = {isa = PBXBuildFile; fileRef = B619964522B7CCED008631EB /* LaunchScreen.storyboard */; };
/* End PBXBuildFile section */

/* Begin PBXContainerItemProxy section */
		B619965F22B7CE76008631EB /* PBXContainerItemProxy */ = {
			isa = PBXContainerItemProxy;
			containerPortal = B619965A22B7CE76008631EB /* SomePLayer.xcodeproj */;
			proxyType = 2;
			remoteGlobalIDString = B619962522B7CC7A008631EB;
			remoteInfo = SomePLayer;
		};
/* End PBXContainerItemProxy section */

/* Begin PBXFileReference section */
		B619963922B7CCEB008631EB /* SomePLayerExample.app */ = {isa = PBXFileReference; explicitFileType = wrapper.application; includeInIndex = 0; path = SomePLayerExample.app; sourceTree = BUILT_PRODUCTS_DIR; };
		B619963C22B7CCEB008631EB /* AppDelegate.swift */ = {isa = PBXFileReference; lastKnownFileType = sourcecode.swift; path = AppDelegate.swift; sourceTree = "<group>"; };
		B619963E22B7CCEB008631EB /* ViewController.swift */ = {isa = PBXFileReference; lastKnownFileType = sourcecode.swift; path = ViewController.swift; sourceTree = "<group>"; };
		B619964122B7CCEB008631EB /* Base */ = {isa = PBXFileReference; lastKnownFileType = file.storyboard; name = Base; path = Base.lproj/Main.storyboard; sourceTree = "<group>"; };
		B619964322B7CCED008631EB /* Assets.xcassets */ = {isa = PBXFileReference; lastKnownFileType = folder.assetcatalog; path = Assets.xcassets; sourceTree = "<group>"; };
		B619964622B7CCED008631EB /* Base */ = {isa = PBXFileReference; lastKnownFileType = file.storyboard; name = Base; path = Base.lproj/LaunchScreen.storyboard; sourceTree = "<group>"; };
		B619964822B7CCED008631EB /* Info.plist */ = {isa = PBXFileReference; lastKnownFileType = text.plist.xml; path = Info.plist; sourceTree = "<group>"; };
		B619965A22B7CE76008631EB /* SomePLayer.xcodeproj */ = {isa = PBXFileReference; lastKnownFileType = "wrapper.pb-project"; name = SomePLayer.xcodeproj; path = ../../SomePLayer.xcodeproj; sourceTree = "<group>"; };
/* End PBXFileReference section */

/* Begin PBXFrameworksBuildPhase section */
		B619963622B7CCEB008631EB /* Frameworks */ = {
			isa = PBXFrameworksBuildPhase;
			buildActionMask = 2147483647;
			files = (
			);
			runOnlyForDeploymentPostprocessing = 0;
		};
/* End PBXFrameworksBuildPhase section */

/* Begin PBXGroup section */
		B619963022B7CCEB008631EB = {
			isa = PBXGroup;
			children = (
				B619965A22B7CE76008631EB /* SomePLayer.xcodeproj */,
				B619963B22B7CCEB008631EB /* SomePLayerExample */,
				B619963A22B7CCEB008631EB /* Products */,
			);
			sourceTree = "<group>";
		};
		B619963A22B7CCEB008631EB /* Products */ = {
			isa = PBXGroup;
			children = (
				B619963922B7CCEB008631EB /* SomePLayerExample.app */,
			);
			name = Products;
			sourceTree = "<group>";
		};
		B619963B22B7CCEB008631EB /* SomePLayerExample */ = {
			isa = PBXGroup;
			children = (
				B619963C22B7CCEB008631EB /* AppDelegate.swift */,
				B619963E22B7CCEB008631EB /* ViewController.swift */,
				B619964022B7CCEB008631EB /* Main.storyboard */,
				B619964322B7CCED008631EB /* Assets.xcassets */,
				B619964522B7CCED008631EB /* LaunchScreen.storyboard */,
				B619964822B7CCED008631EB /* Info.plist */,
			);
			path = SomePLayerExample;
			sourceTree = "<group>";
		};
		B619965B22B7CE76008631EB /* Products */ = {
			isa = PBXGroup;
			children = (
				B619966022B7CE76008631EB /* SomePLayer.framework */,
			);
			name = Products;
			sourceTree = "<group>";
		};
/* End PBXGroup section */

/* Begin PBXNativeTarget section */
		B619963822B7CCEB008631EB /* SomePLayerExample */ = {
			isa = PBXNativeTarget;
			buildConfigurationList = B619964B22B7CCED008631EB /* Build configuration list for PBXNativeTarget "SomePLayerExample" */;
			buildPhases = (
				B619963522B7CCEB008631EB /* Sources */,
				B619963622B7CCEB008631EB /* Frameworks */,
				B619963722B7CCEB008631EB /* Resources */,
			);
			buildRules = (
			);
			dependencies = (
			);
			name = SomePLayerExample;
			productName = SomePLayerExample;
			productReference = B619963922B7CCEB008631EB /* SomePLayerExample.app */;
			productType = "com.apple.product-type.application";
		};
/* End PBXNativeTarget section */

/* Begin PBXProject section */
		B619963122B7CCEB008631EB /* Project object */ = {
			isa = PBXProject;
			attributes = {
				LastSwiftUpdateCheck = 1020;
				LastUpgradeCheck = 1020;
				ORGANIZATIONNAME = "Sergey Makeev";
				TargetAttributes = {
					B619963822B7CCEB008631EB = {
						CreatedOnToolsVersion = 10.2.1;
					};
				};
			};
			buildConfigurationList = B619963422B7CCEB008631EB /* Build configuration list for PBXProject "SomePLayerExample" */;
			compatibilityVersion = "Xcode 9.3";
			developmentRegion = en;
			hasScannedForEncodings = 0;
			knownRegions = (
				en,
				Base,
			);
			mainGroup = B619963022B7CCEB008631EB;
			productRefGroup = B619963A22B7CCEB008631EB /* Products */;
			projectDirPath = "";
			projectReferences = (
				{
					ProductGroup = B619965B22B7CE76008631EB /* Products */;
					ProjectRef = B619965A22B7CE76008631EB /* SomePLayer.xcodeproj */;
				},
			);
			projectRoot = "";
			targets = (
				B619963822B7CCEB008631EB /* SomePLayerExample */,
			);
		};
/* End PBXProject section */

/* Begin PBXReferenceProxy section */
		B619966022B7CE76008631EB /* SomePLayer.framework */ = {
			isa = PBXReferenceProxy;
			fileType = wrapper.framework;
			path = SomePLayer.framework;
			remoteRef = B619965F22B7CE76008631EB /* PBXContainerItemProxy */;
			sourceTree = BUILT_PRODUCTS_DIR;
		};
/* End PBXReferenceProxy section */

/* Begin PBXResourcesBuildPhase section */
		B619963722B7CCEB008631EB /* Resources */ = {
			isa = PBXResourcesBuildPhase;
			buildActionMask = 2147483647;
			files = (
				B619964722B7CCED008631EB /* LaunchScreen.storyboard in Resources */,
				B619964422B7CCED008631EB /* Assets.xcassets in Resources */,
				B619964222B7CCEB008631EB /* Main.storyboard in Resources */,
			);
			runOnlyForDeploymentPostprocessing = 0;
		};
/* End PBXResourcesBuildPhase section */

/* Begin PBXSourcesBuildPhase section */
		B619963522B7CCEB008631EB /* Sources */ = {
			isa = PBXSourcesBuildPhase;
			buildActionMask = 2147483647;
			files = (
				B619963F22B7CCEB008631EB /* ViewController.swift in Sources */,
				B619963D22B7CCEB008631EB /* AppDelegate.swift in Sources */,
			);
			runOnlyForDeploymentPostprocessing = 0;
		};
/* End PBXSourcesBuildPhase section */

/* Begin PBXVariantGroup section */
		B619964022B7CCEB008631EB /* Main.storyboard */ = {
			isa = PBXVariantGroup;
			children = (
				B619964122B7CCEB008631EB /* Base */,
			);
			name = Main.storyboard;
			sourceTree = "<group>";
		};
		B619964522B7CCED008631EB /* LaunchScreen.storyboard */ = {
			isa = PBXVariantGroup;
			children = (
				B619964622B7CCED008631EB /* Base */,
			);
			name = LaunchScreen.storyboard;
			sourceTree = "<group>";
		};
/* End PBXVariantGroup section */

/* Begin XCBuildConfiguration section */
		B619964922B7CCED008631EB /* Debug */ = {
			isa = XCBuildConfiguration;
			buildSettings = {
				ALWAYS_SEARCH_USER_PATHS = NO;
				CLANG_ANALYZER_NONNULL = YES;
				CLANG_ANALYZER_NUMBER_OBJECT_CONVERSION = YES_AGGRESSIVE;
				CLANG_CXX_LANGUAGE_STANDARD = "gnu++14";
				CLANG_CXX_LIBRARY = "libc++";
				CLANG_ENABLE_MODULES = YES;
				CLANG_ENABLE_OBJC_ARC = YES;
				CLANG_ENABLE_OBJC_WEAK = YES;
				CLANG_WARN_BLOCK_CAPTURE_AUTORELEASING = YES;
				CLANG_WARN_BOOL_CONVERSION = YES;
				CLANG_WARN_COMMA = YES;
				CLANG_WARN_CONSTANT_CONVERSION = YES;
				CLANG_WARN_DEPRECATED_OBJC_IMPLEMENTATIONS = YES;
				CLANG_WARN_DIRECT_OBJC_ISA_USAGE = YES_ERROR;
				CLANG_WARN_DOCUMENTATION_COMMENTS = YES;
				CLANG_WARN_EMPTY_BODY = YES;
				CLANG_WARN_ENUM_CONVERSION = YES;
				CLANG_WARN_INFINITE_RECURSION = YES;
				CLANG_WARN_INT_CONVERSION = YES;
				CLANG_WARN_NON_LITERAL_NULL_CONVERSION = YES;
				CLANG_WARN_OBJC_IMPLICIT_RETAIN_SELF = YES;
				CLANG_WARN_OBJC_LITERAL_CONVERSION = YES;
				CLANG_WARN_OBJC_ROOT_CLASS = YES_ERROR;
				CLANG_WARN_RANGE_LOOP_ANALYSIS = YES;
				CLANG_WARN_STRICT_PROTOTYPES = YES;
				CLANG_WARN_SUSPICIOUS_MOVE = YES;
				CLANG_WARN_UNGUARDED_AVAILABILITY = YES_AGGRESSIVE;
				CLANG_WARN_UNREACHABLE_CODE = YES;
				CLANG_WARN__DUPLICATE_METHOD_MATCH = YES;
				CODE_SIGN_IDENTITY = "iPhone Developer";
				COPY_PHASE_STRIP = NO;
				DEBUG_INFORMATION_FORMAT = dwarf;
				ENABLE_STRICT_OBJC_MSGSEND = YES;
				ENABLE_TESTABILITY = YES;
				GCC_C_LANGUAGE_STANDARD = gnu11;
				GCC_DYNAMIC_NO_PIC = NO;
				GCC_NO_COMMON_BLOCKS = YES;
				GCC_OPTIMIZATION_LEVEL = 0;
				GCC_PREPROCESSOR_DEFINITIONS = (
					"DEBUG=1",
					"$(inherited)",
				);
				GCC_WARN_64_TO_32_BIT_CONVERSION = YES;
				GCC_WARN_ABOUT_RETURN_TYPE = YES_ERROR;
				GCC_WARN_UNDECLARED_SELECTOR = YES;
				GCC_WARN_UNINITIALIZED_AUTOS = YES_AGGRESSIVE;
				GCC_WARN_UNUSED_FUNCTION = YES;
				GCC_WARN_UNUSED_VARIABLE = YES;
				IPHONEOS_DEPLOYMENT_TARGET = 12.2;
				MTL_ENABLE_DEBUG_INFO = INCLUDE_SOURCE;
				MTL_FAST_MATH = YES;
				ONLY_ACTIVE_ARCH = YES;
				SDKROOT = iphoneos;
				SWIFT_ACTIVE_COMPILATION_CONDITIONS = DEBUG;
				SWIFT_OPTIMIZATION_LEVEL = "-Onone";
			};
			name = Debug;
		};
		B619964A22B7CCED008631EB /* Release */ = {
			isa = XCBuildConfiguration;
			buildSettings = {
				ALWAYS_SEARCH_USER_PATHS = NO;
				CLANG_ANALYZER_NONNULL = YES;
				CLANG_ANALYZER_NUMBER_OBJECT_CONVERSION = YES_AGGRESSIVE;
				CLANG_CXX_LANGUAGE_STANDARD = "gnu++14";
				CLANG_CXX_LIBRARY = "libc++";
				CLANG_ENABLE_MODULES = YES;
				CLANG_ENABLE_OBJC_ARC = YES;
				CLANG_ENABLE_OBJC_WEAK = YES;
				CLANG_WARN_BLOCK_CAPTURE_AUTORELEASING = YES;
				CLANG_WARN_BOOL_CONVERSION = YES;
				CLANG_WARN_COMMA = YES;
				CLANG_WARN_CONSTANT_CONVERSION = YES;
				CLANG_WARN_DEPRECATED_OBJC_IMPLEMENTATIONS = YES;
				CLANG_WARN_DIRECT_OBJC_ISA_USAGE = YES_ERROR;
				CLANG_WARN_DOCUMENTATION_COMMENTS = YES;
				CLANG_WARN_EMPTY_BODY = YES;
				CLANG_WARN_ENUM_CONVERSION = YES;
				CLANG_WARN_INFINITE_RECURSION = YES;
				CLANG_WARN_INT_CONVERSION = YES;
				CLANG_WARN_NON_LITERAL_NULL_CONVERSION = YES;
				CLANG_WARN_OBJC_IMPLICIT_RETAIN_SELF = YES;
				CLANG_WARN_OBJC_LITERAL_CONVERSION = YES;
				CLANG_WARN_OBJC_ROOT_CLASS = YES_ERROR;
				CLANG_WARN_RANGE_LOOP_ANALYSIS = YES;
				CLANG_WARN_STRICT_PROTOTYPES = YES;
				CLANG_WARN_SUSPICIOUS_MOVE = YES;
				CLANG_WARN_UNGUARDED_AVAILABILITY = YES_AGGRESSIVE;
				CLANG_WARN_UNREACHABLE_CODE = YES;
				CLANG_WARN__DUPLICATE_METHOD_MATCH = YES;
				CODE_SIGN_IDENTITY = "iPhone Developer";
				COPY_PHASE_STRIP = NO;
				DEBUG_INFORMATION_FORMAT = "dwarf-with-dsym";
				ENABLE_NS_ASSERTIONS = NO;
				ENABLE_STRICT_OBJC_MSGSEND = YES;
				GCC_C_LANGUAGE_STANDARD = gnu11;
				GCC_NO_COMMON_BLOCKS = YES;
				GCC_WARN_64_TO_32_BIT_CONVERSION = YES;
				GCC_WARN_ABOUT_RETURN_TYPE = YES_ERROR;
				GCC_WARN_UNDECLARED_SELECTOR = YES;
				GCC_WARN_UNINITIALIZED_AUTOS = YES_AGGRESSIVE;
				GCC_WARN_UNUSED_FUNCTION = YES;
				GCC_WARN_UNUSED_VARIABLE = YES;
				IPHONEOS_DEPLOYMENT_TARGET = 12.2;
				MTL_ENABLE_DEBUG_INFO = NO;
				MTL_FAST_MATH = YES;
				SDKROOT = iphoneos;
				SWIFT_COMPILATION_MODE = wholemodule;
				SWIFT_OPTIMIZATION_LEVEL = "-O";
				VALIDATE_PRODUCT = YES;
			};
			name = Release;
		};
		B619964C22B7CCED008631EB /* Debug */ = {
			isa = XCBuildConfiguration;
			buildSettings = {
				ASSETCATALOG_COMPILER_APPICON_NAME = AppIcon;
				CODE_SIGN_STYLE = Automatic;
				DEVELOPMENT_TEAM = 6WLV67D2QG;
				INFOPLIST_FILE = SomePLayerExample/Info.plist;
				LD_RUNPATH_SEARCH_PATHS = (
					"$(inherited)",
					"@executable_path/Frameworks",
				);
				PRODUCT_BUNDLE_IDENTIFIER = "SOME-Projects.SomePLayerExample";
				PRODUCT_NAME = "$(TARGET_NAME)";
				SWIFT_VERSION = 5.0;
				TARGETED_DEVICE_FAMILY = "1,2";
			};
			name = Debug;
		};
		B619964D22B7CCED008631EB /* Release */ = {
			isa = XCBuildConfiguration;
			buildSettings = {
				ASSETCATALOG_COMPILER_APPICON_NAME = AppIcon;
				CODE_SIGN_STYLE = Automatic;
				DEVELOPMENT_TEAM = 6WLV67D2QG;
				INFOPLIST_FILE = SomePLayerExample/Info.plist;
				LD_RUNPATH_SEARCH_PATHS = (
					"$(inherited)",
					"@executable_path/Frameworks",
				);
				PRODUCT_BUNDLE_IDENTIFIER = "SOME-Projects.SomePLayerExample";
				PRODUCT_NAME = "$(TARGET_NAME)";
				SWIFT_VERSION = 5.0;
				TARGETED_DEVICE_FAMILY = "1,2";
			};
			name = Release;
		};
/* End XCBuildConfiguration section */

/* Begin XCConfigurationList section */
		B619963422B7CCEB008631EB /* Build configuration list for PBXProject "SomePLayerExample" */ = {
			isa = XCConfigurationList;
			buildConfigurations = (
				B619964922B7CCED008631EB /* Debug */,
				B619964A22B7CCED008631EB /* Release */,
			);
			defaultConfigurationIsVisible = 0;
			defaultConfigurationName = Release;
		};
		B619964B22B7CCED008631EB /* Build configuration list for PBXNativeTarget "SomePLayerExample" */ = {
			isa = XCConfigurationList;
			buildConfigurations = (
				B619964C22B7CCED008631EB /* Debug */,
				B619964D22B7CCED008631EB /* Release */,
			);
			defaultConfigurationIsVisible = 0;
			defaultConfigurationName = Release;
		};
/* End XCConfigurationList section */
	};
	rootObject = B619963122B7CCEB008631EB /* Project object */;
}
