// !$*UTF8*$!
{
	archiveVersion = 1;
	classes = {
	};
	objectVersion = 60;
	objects = {

/* Begin PBXBuildFile section */
		5B0001010000000000000101 /* SomePlayerSwiftUIiOSApp.swift in Sources */ = {isa = PBXBuildFile; fileRef = 5B0002010000000000000201 /* SomePlayerSwiftUIiOSApp.swift */; };
		5B0001020000000000000102 /* PlayerDemoView.swift in Sources */ = {isa = PBXBuildFile; fileRef = 5B0002030000000000000203 /* PlayerDemoView.swift */; };
		5B0001030000000000000103 /* PlayerDemoViewModel.swift in Sources */ = {isa = PBXBuildFile; fileRef = 5B0002040000000000000204 /* PlayerDemoViewModel.swift */; };
		5B0001040000000000000104 /* Assets.xcassets in Resources */ = {isa = PBXBuildFile; fileRef = 5B0002050000000000000205 /* Assets.xcassets */; };
		5B0001050000000000000105 /* SomePlayer in Frameworks */ = {isa = PBXBuildFile; productRef = 5B0005010000000000000501 /* SomePlayer */; };
		5B0001060000000000000106 /* SomePlayerSwiftUIMacApp.swift in Sources */ = {isa = PBXBuildFile; fileRef = 5B0002020000000000000202 /* SomePlayerSwiftUIMacApp.swift */; };
		5B0001070000000000000107 /* PlayerDemoView.swift in Sources */ = {isa = PBXBuildFile; fileRef = 5B0002030000000000000203 /* PlayerDemoView.swift */; };
		5B0001080000000000000108 /* PlayerDemoViewModel.swift in Sources */ = {isa = PBXBuildFile; fileRef = 5B0002040000000000000204 /* PlayerDemoViewModel.swift */; };
		5B0001090000000000000109 /* Assets.xcassets in Resources */ = {isa = PBXBuildFile; fileRef = 5B0002060000000000000206 /* Assets.xcassets */; };
		5B00010A000000000000010A /* SomePlayer in Frameworks */ = {isa = PBXBuildFile; productRef = 5B0005010000000000000501 /* SomePlayer */; };
/* End PBXBuildFile section */

/* Begin PBXFileReference section */
		5B0002010000000000000201 /* SomePlayerSwiftUIiOSApp.swift */ = {isa = PBXFileReference; lastKnownFileType = sourcecode.swift; path = SomePlayerSwiftUIiOSApp.swift; sourceTree = "<group>"; };
		5B0002020000000000000202 /* SomePlayerSwiftUIMacApp.swift */ = {isa = PBXFileReference; lastKnownFileType = sourcecode.swift; path = SomePlayerSwiftUIMacApp.swift; sourceTree = "<group>"; };
		5B0002030000000000000203 /* PlayerDemoView.swift */ = {isa = PBXFileReference; lastKnownFileType = sourcecode.swift; path = PlayerDemoView.swift; sourceTree = "<group>"; };
		5B0002040000000000000204 /* PlayerDemoViewModel.swift */ = {isa = PBXFileReference; lastKnownFileType = sourcecode.swift; path = PlayerDemoViewModel.swift; sourceTree = "<group>"; };
		5B0002050000000000000205 /* Assets.xcassets */ = {isa = PBXFileReference; lastKnownFileType = folder.assetcatalog; path = Assets.xcassets; sourceTree = "<group>"; };
		5B0002060000000000000206 /* Assets.xcassets */ = {isa = PBXFileReference; lastKnownFileType = folder.assetcatalog; path = Assets.xcassets; sourceTree = "<group>"; };
		5B0002070000000000000207 /* SomePlayerSwiftUIiOS.app */ = {isa = PBXFileReference; explicitFileType = wrapper.application; includeInIndex = 0; path = SomePlayerSwiftUIiOS.app; sourceTree = BUILT_PRODUCTS_DIR; };
		5B0002080000000000000208 /* SomePlayerSwiftUIMac.app */ = {isa = PBXFileReference; explicitFileType = wrapper.application; includeInIndex = 0; path = SomePlayerSwiftUIMac.app; sourceTree = BUILT_PRODUCTS_DIR; };
/* End PBXFileReference section */

/* Begin PBXFrameworksBuildPhase section */
		5B0003010000000000000301 /* Frameworks */ = {
			isa = PBXFrameworksBuildPhase;
			buildActionMask = 2147483647;
			files = (
				5B0001050000000000000105 /* SomePlayer in Frameworks */,
			);
			runOnlyForDeploymentPostprocessing = 0;
		};
		5B0003020000000000000302 /* Frameworks */ = {
			isa = PBXFrameworksBuildPhase;
			buildActionMask = 2147483647;
			files = (
				5B00010A000000000000010A /* SomePlayer in Frameworks */,
			);
			runOnlyForDeploymentPostprocessing = 0;
		};
/* End PBXFrameworksBuildPhase section */

/* Begin PBXGroup section */
		5B0004010000000000000401 = {
			isa = PBXGroup;
			children = (
				5B0004020000000000000402 /* iOS */,
				5B0004030000000000000403 /* macOS */,
				5B0004040000000000000404 /* Shared */,
				5B0004050000000000000405 /* Products */,
			);
			sourceTree = "<group>";
		};
		5B0004020000000000000402 /* iOS */ = {
			isa = PBXGroup;
			children = (
				5B0002010000000000000201 /* SomePlayerSwiftUIiOSApp.swift */,
				5B0002050000000000000205 /* Assets.xcassets */,
			);
			path = iOS;
			sourceTree = "<group>";
		};
		5B0004030000000000000403 /* macOS */ = {
			isa = PBXGroup;
			children = (
				5B0002020000000000000202 /* SomePlayerSwiftUIMacApp.swift */,
				5B0002060000000000000206 /* Assets.xcassets */,
			);
			path = macOS;
			sourceTree = "<group>";
		};
		5B0004040000000000000404 /* Shared */ = {
			isa = PBXGroup;
			children = (
				5B0002030000000000000203 /* PlayerDemoView.swift */,
				5B0002040000000000000204 /* PlayerDemoViewModel.swift */,
			);
			path = Shared;
			sourceTree = "<group>";
		};
		5B0004050000000000000405 /* Products */ = {
			isa = PBXGroup;
			children = (
				5B0002070000000000000207 /* SomePlayerSwiftUIiOS.app */,
				5B0002080000000000000208 /* SomePlayerSwiftUIMac.app */,
			);
			name = Products;
			sourceTree = "<group>";
		};
/* End PBXGroup section */

/* Begin PBXNativeTarget section */
		5B0006010000000000000601 /* SomePlayerSwiftUIiOS */ = {
			isa = PBXNativeTarget;
			buildConfigurationList = 5B0009010000000000000901 /* Build configuration list for PBXNativeTarget "SomePlayerSwiftUIiOS" */;
			buildPhases = (
				5B0007010000000000000701 /* Sources */,
				5B0003010000000000000301 /* Frameworks */,
				5B0008010000000000000801 /* Resources */,
			);
			buildRules = (
			);
			dependencies = (
			);
			name = SomePlayerSwiftUIiOS;
			packageProductDependencies = (
				5B0005010000000000000501 /* SomePlayer */,
			);
			productName = SomePlayerSwiftUIiOS;
			productReference = 5B0002070000000000000207 /* SomePlayerSwiftUIiOS.app */;
			productType = "com.apple.product-type.application";
		};
		5B0006020000000000000602 /* SomePlayerSwiftUIMac */ = {
			isa = PBXNativeTarget;
			buildConfigurationList = 5B0009020000000000000902 /* Build configuration list for PBXNativeTarget "SomePlayerSwiftUIMac" */;
			buildPhases = (
				5B0007020000000000000702 /* Sources */,
				5B0003020000000000000302 /* Frameworks */,
				5B0008020000000000000802 /* Resources */,
			);
			buildRules = (
			);
			dependencies = (
			);
			name = SomePlayerSwiftUIMac;
			packageProductDependencies = (
				5B0005010000000000000501 /* SomePlayer */,
			);
			productName = SomePlayerSwiftUIMac;
			productReference = 5B0002080000000000000208 /* SomePlayerSwiftUIMac.app */;
			productType = "com.apple.product-type.application";
		};
/* End PBXNativeTarget section */

/* Begin PBXProject section */
		5B000A010000000000000A01 /* Project object */ = {
			isa = PBXProject;
			attributes = {
				BuildIndependentTargetsInParallel = 1;
				LastSwiftUpdateCheck = 1600;
				LastUpgradeCheck = 1600;
				TargetAttributes = {
					5B0006010000000000000601 = {
						CreatedOnToolsVersion = 16.0;
						ProvisioningStyle = Automatic;
					};
					5B0006020000000000000602 = {
						CreatedOnToolsVersion = 16.0;
						ProvisioningStyle = Automatic;
					};
				};
			};
			buildConfigurationList = 5B0009000000000000000900 /* Build configuration list for PBXProject "SomePlayerSwiftUIExample" */;
			compatibilityVersion = "Xcode 15.0";
			developmentRegion = en;
			hasScannedForEncodings = 0;
			knownRegions = (
				en,
				Base,
			);
			mainGroup = 5B0004010000000000000401;
			packageReferences = (
				5B0005000000000000000500 /* XCLocalSwiftPackageReference "../.." */,
			);
			productRefGroup = 5B0004050000000000000405 /* Products */;
			projectDirPath = "";
			projectRoot = "";
			targets = (
				5B0006010000000000000601 /* SomePlayerSwiftUIiOS */,
				5B0006020000000000000602 /* SomePlayerSwiftUIMac */,
			);
		};
/* End PBXProject section */

/* Begin PBXResourcesBuildPhase section */
		5B0008010000000000000801 /* Resources */ = {
			isa = PBXResourcesBuildPhase;
			buildActionMask = 2147483647;
			files = (
				5B0001040000000000000104 /* Assets.xcassets in Resources */,
			);
			runOnlyForDeploymentPostprocessing = 0;
		};
		5B0008020000000000000802 /* Resources */ = {
			isa = PBXResourcesBuildPhase;
			buildActionMask = 2147483647;
			files = (
				5B0001090000000000000109 /* Assets.xcassets in Resources */,
			);
			runOnlyForDeploymentPostprocessing = 0;
		};
/* End PBXResourcesBuildPhase section */

/* Begin PBXSourcesBuildPhase section */
		5B0007010000000000000701 /* Sources */ = {
			isa = PBXSourcesBuildPhase;
			buildActionMask = 2147483647;
			files = (
				5B0001010000000000000101 /* SomePlayerSwiftUIiOSApp.swift in Sources */,
				5B0001020000000000000102 /* PlayerDemoView.swift in Sources */,
				5B0001030000000000000103 /* PlayerDemoViewModel.swift in Sources */,
			);
			runOnlyForDeploymentPostprocessing = 0;
		};
		5B0007020000000000000702 /* Sources */ = {
			isa = PBXSourcesBuildPhase;
			buildActionMask = 2147483647;
			files = (
				5B0001060000000000000106 /* SomePlayerSwiftUIMacApp.swift in Sources */,
				5B0001070000000000000107 /* PlayerDemoView.swift in Sources */,
				5B0001080000000000000108 /* PlayerDemoViewModel.swift in Sources */,
			);
			runOnlyForDeploymentPostprocessing = 0;
		};
/* End PBXSourcesBuildPhase section */

/* Begin XCBuildConfiguration section */
		5B000B000000000000000B00 /* Debug */ = {
			isa = XCBuildConfiguration;
			buildSettings = {
				ALWAYS_SEARCH_USER_PATHS = NO;
				CLANG_ANALYZER_NONNULL = YES;
				CLANG_ANALYZER_NUMBER_OBJECT_CONVERSION = YES_AGGRESSIVE;
				CLANG_CXX_LANGUAGE_STANDARD = "gnu++20";
				CLANG_ENABLE_MODULES = YES;
				CLANG_ENABLE_OBJC_ARC = YES;
				CLANG_ENABLE_OBJC_WEAK = YES;
				CLANG_WARN_BLOCK_CAPTURE_AUTORELEASING = YES;
				CLANG_WARN_BOOL_CONVERSION = YES;
				CLANG_WARN_COMMA = YES;
				CLANG_WARN_CONSTANT_CONVERSION = YES;
				CLANG_WARN_DEPRECATED_OBJC_IMPLEMENTATIONS = YES;
				CLANG_WARN_DIRECT_OBJC_ISA_USAGE = YES_ERROR;
				CLANG_WARN_DOCUMENTATION_COMMENTS = YES;
				CLANG_WARN_EMPTY_BODY = YES;
				CLANG_WARN_ENUM_CONVERSION = YES;
				CLANG_WARN_INFINITE_RECURSION = YES;
				CLANG_WARN_INT_CONVERSION = YES;
				CLANG_WARN_NON_LITERAL_NULL_CONVERSION = YES;
				CLANG_WARN_OBJC_IMPLICIT_RETAIN_SELF = YES;
				CLANG_WARN_OBJC_LITERAL_CONVERSION = YES;
				CLANG_WARN_OBJC_ROOT_CLASS = YES_ERROR;
				CLANG_WARN_QUOTED_INCLUDE_IN_FRAMEWORK_HEADER = YES;
				CLANG_WARN_RANGE_LOOP_ANALYSIS = YES;
				CLANG_WARN_STRICT_PROTOTYPES = YES;
				CLANG_WARN_SUSPICIOUS_MOVE = YES;
				CLANG_WARN_UNGUARDED_AVAILABILITY = YES_AGGRESSIVE;
				CLANG_WARN_UNREACHABLE_CODE = YES;
				CLANG_WARN__DUPLICATE_METHOD_MATCH = YES;
				COPY_PHASE_STRIP = NO;
				DEBUG_INFORMATION_FORMAT = dwarf;
				ENABLE_STRICT_OBJC_MSGSEND = YES;
				ENABLE_TESTABILITY = YES;
				GCC_C_LANGUAGE_STANDARD = gnu17;
				GCC_DYNAMIC_NO_PIC = NO;
				GCC_NO_COMMON_BLOCKS = YES;
				GCC_OPTIMIZATION_LEVEL = 0;
				GCC_PREPROCESSOR_DEFINITIONS = (
					"DEBUG=1",
					"$(inherited)",
				);
				GCC_WARN_64_TO_32_BIT_CONVERSION = YES;
				GCC_WARN_ABOUT_RETURN_TYPE = YES_ERROR;
				GCC_WARN_UNDECLARED_SELECTOR = YES;
				GCC_WARN_UNINITIALIZED_AUTOS = YES_AGGRESSIVE;
				GCC_WARN_UNUSED_FUNCTION = YES;
				GCC_WARN_UNUSED_VARIABLE = YES;
				LOCALIZATION_PREFERS_STRING_CATALOGS = YES;
				MTL_ENABLE_DEBUG_INFO = INCLUDE_SOURCE;
				MTL_FAST_MATH = YES;
				ONLY_ACTIVE_ARCH = YES;
				SWIFT_ACTIVE_COMPILATION_CONDITIONS = "DEBUG $(inherited)";
				SWIFT_OPTIMIZATION_LEVEL = "-Onone";
			};
			name = Debug;
		};
		5B000B010000000000000B01 /* Release */ = {
			isa = XCBuildConfiguration;
			buildSettings = {
				ALWAYS_SEARCH_USER_PATHS = NO;
				CLANG_ANALYZER_NONNULL = YES;
				CLANG_ANALYZER_NUMBER_OBJECT_CONVERSION = YES_AGGRESSIVE;
				CLANG_CXX_LANGUAGE_STANDARD = "gnu++20";
				CLANG_ENABLE_MODULES = YES;
				CLANG_ENABLE_OBJC_ARC = YES;
				CLANG_ENABLE_OBJC_WEAK = YES;
				CLANG_WARN_BLOCK_CAPTURE_AUTORELEASING = YES;
				CLANG_WARN_BOOL_CONVERSION = YES;
				CLANG_WARN_COMMA = YES;
				CLANG_WARN_CONSTANT_CONVERSION = YES;
				CLANG_WARN_DEPRECATED_OBJC_IMPLEMENTATIONS = YES;
				CLANG_WARN_DIRECT_OBJC_ISA_USAGE = YES_ERROR;
				CLANG_WARN_DOCUMENTATION_COMMENTS = YES;
				CLANG_WARN_EMPTY_BODY = YES;
				CLANG_WARN_ENUM_CONVERSION = YES;
				CLANG_WARN_INFINITE_RECURSION = YES;
				CLANG_WARN_INT_CONVERSION = YES;
				CLANG_WARN_NON_LITERAL_NULL_CONVERSION = YES;
				CLANG_WARN_OBJC_IMPLICIT_RETAIN_SELF = YES;
				CLANG_WARN_OBJC_LITERAL_CONVERSION = YES;
				CLANG_WARN_OBJC_ROOT_CLASS = YES_ERROR;
				CLANG_WARN_QUOTED_INCLUDE_IN_FRAMEWORK_HEADER = YES;
				CLANG_WARN_RANGE_LOOP_ANALYSIS = YES;
				CLANG_WARN_STRICT_PROTOTYPES = YES;
				CLANG_WARN_SUSPICIOUS_MOVE = YES;
				CLANG_WARN_UNGUARDED_AVAILABILITY = YES_AGGRESSIVE;
				CLANG_WARN_UNREACHABLE_CODE = YES;
				CLANG_WARN__DUPLICATE_METHOD_MATCH = YES;
				COPY_PHASE_STRIP = NO;
				DEBUG_INFORMATION_FORMAT = "dwarf-with-dsym";
				ENABLE_NS_ASSERTIONS = NO;
				ENABLE_STRICT_OBJC_MSGSEND = YES;
				GCC_C_LANGUAGE_STANDARD = gnu17;
				GCC_NO_COMMON_BLOCKS = YES;
				GCC_WARN_64_TO_32_BIT_CONVERSION = YES;
				GCC_WARN_ABOUT_RETURN_TYPE = YES_ERROR;
				GCC_WARN_UNDECLARED_SELECTOR = YES;
				GCC_WARN_UNINITIALIZED_AUTOS = YES_AGGRESSIVE;
				GCC_WARN_UNUSED_FUNCTION = YES;
				GCC_WARN_UNUSED_VARIABLE = YES;
				LOCALIZATION_PREFERS_STRING_CATALOGS = YES;
				MTL_ENABLE_DEBUG_INFO = NO;
				MTL_FAST_MATH = YES;
				SWIFT_COMPILATION_MODE = wholemodule;
				VALIDATE_PRODUCT = YES;
			};
			name = Release;
		};
		5B000B020000000000000B02 /* Debug */ = {
			isa = XCBuildConfiguration;
			buildSettings = {
				ASSETCATALOG_COMPILER_APPICON_NAME = AppIcon;
				CODE_SIGN_STYLE = Automatic;
				CURRENT_PROJECT_VERSION = 1;
				DEVELOPMENT_TEAM = "";
				GENERATE_INFOPLIST_FILE = YES;
				INFOPLIST_KEY_CFBundleDisplayName = "SomePlayer SwiftUI";
				INFOPLIST_KEY_LSApplicationCategoryType = "public.app-category.music";
				INFOPLIST_KEY_UIApplicationSceneManifest_Generation = YES;
				INFOPLIST_KEY_UIApplicationSupportsIndirectInputEvents = YES;
				INFOPLIST_KEY_UILaunchScreen_Generation = YES;
				IPHONEOS_DEPLOYMENT_TARGET = 17.0;
				LD_RUNPATH_SEARCH_PATHS = (
					"$(inherited)",
					"@executable_path/Frameworks",
				);
				MARKETING_VERSION = 1.0;
				PRODUCT_BUNDLE_IDENTIFIER = com.someplayer.swiftui.ios;
				PRODUCT_NAME = "$(TARGET_NAME)";
				SDKROOT = iphoneos;
				SUPPORTED_PLATFORMS = "iphoneos iphonesimulator";
				SUPPORTS_MACCATALYST = NO;
				SWIFT_EMIT_LOC_STRINGS = YES;
				SWIFT_VERSION = 5.0;
				TARGETED_DEVICE_FAMILY = "1,2";
			};
			name = Debug;
		};
		5B000B030000000000000B03 /* Release */ = {
			isa = XCBuildConfiguration;
			buildSettings = {
				ASSETCATALOG_COMPILER_APPICON_NAME = AppIcon;
				CODE_SIGN_STYLE = Automatic;
				CURRENT_PROJECT_VERSION = 1;
				DEVELOPMENT_TEAM = "";
				GENERATE_INFOPLIST_FILE = YES;
				INFOPLIST_KEY_CFBundleDisplayName = "SomePlayer SwiftUI";
				INFOPLIST_KEY_LSApplicationCategoryType = "public.app-category.music";
				INFOPLIST_KEY_UIApplicationSceneManifest_Generation = YES;
				INFOPLIST_KEY_UIApplicationSupportsIndirectInputEvents = YES;
				INFOPLIST_KEY_UILaunchScreen_Generation = YES;
				IPHONEOS_DEPLOYMENT_TARGET = 17.0;
				LD_RUNPATH_SEARCH_PATHS = (
					"$(inherited)",
					"@executable_path/Frameworks",
				);
				MARKETING_VERSION = 1.0;
				PRODUCT_BUNDLE_IDENTIFIER = com.someplayer.swiftui.ios;
				PRODUCT_NAME = "$(TARGET_NAME)";
				SDKROOT = iphoneos;
				SUPPORTED_PLATFORMS = "iphoneos iphonesimulator";
				SUPPORTS_MACCATALYST = NO;
				SWIFT_EMIT_LOC_STRINGS = YES;
				SWIFT_VERSION = 5.0;
				TARGETED_DEVICE_FAMILY = "1,2";
			};
			name = Release;
		};
		5B000B040000000000000B04 /* Debug */ = {
			isa = XCBuildConfiguration;
			buildSettings = {
				ASSETCATALOG_COMPILER_APPICON_NAME = AppIcon;
				CODE_SIGN_STYLE = Automatic;
				CURRENT_PROJECT_VERSION = 1;
				DEVELOPMENT_TEAM = "";
				ENABLE_HARDENED_RUNTIME = YES;
				GENERATE_INFOPLIST_FILE = YES;
				INFOPLIST_KEY_CFBundleDisplayName = "SomePlayer SwiftUI";
				INFOPLIST_KEY_LSApplicationCategoryType = "public.app-category.music";
				LD_RUNPATH_SEARCH_PATHS = (
					"$(inherited)",
					"@executable_path/../Frameworks",
				);
				MACOSX_DEPLOYMENT_TARGET = 14.0;
				MARKETING_VERSION = 1.0;
				PRODUCT_BUNDLE_IDENTIFIER = com.someplayer.swiftui.mac;
				PRODUCT_NAME = "$(TARGET_NAME)";
				SDKROOT = macosx;
				SUPPORTED_PLATFORMS = macosx;
				SWIFT_EMIT_LOC_STRINGS = YES;
				SWIFT_VERSION = 5.0;
			};
			name = Debug;
		};
		5B000B050000000000000B05 /* Release */ = {
			isa = XCBuildConfiguration;
			buildSettings = {
				ASSETCATALOG_COMPILER_APPICON_NAME = AppIcon;
				CODE_SIGN_STYLE = Automatic;
				CURRENT_PROJECT_VERSION = 1;
				DEVELOPMENT_TEAM = "";
				ENABLE_HARDENED_RUNTIME = YES;
				GENERATE_INFOPLIST_FILE = YES;
				INFOPLIST_KEY_CFBundleDisplayName = "SomePlayer SwiftUI";
				INFOPLIST_KEY_LSApplicationCategoryType = "public.app-category.music";
				LD_RUNPATH_SEARCH_PATHS = (
					"$(inherited)",
					"@executable_path/../Frameworks",
				);
				MACOSX_DEPLOYMENT_TARGET = 14.0;
				MARKETING_VERSION = 1.0;
				PRODUCT_BUNDLE_IDENTIFIER = com.someplayer.swiftui.mac;
				PRODUCT_NAME = "$(TARGET_NAME)";
				SDKROOT = macosx;
				SUPPORTED_PLATFORMS = macosx;
				SWIFT_EMIT_LOC_STRINGS = YES;
				SWIFT_VERSION = 5.0;
			};
			name = Release;
		};
/* End XCBuildConfiguration section */

/* Begin XCConfigurationList section */
		5B0009000000000000000900 /* Build configuration list for PBXProject "SomePlayerSwiftUIExample" */ = {
			isa = XCConfigurationList;
			buildConfigurations = (
				5B000B000000000000000B00 /* Debug */,
				5B000B010000000000000B01 /* Release */,
			);
			defaultConfigurationIsVisible = 0;
			defaultConfigurationName = Release;
		};
		5B0009010000000000000901 /* Build configuration list for PBXNativeTarget "SomePlayerSwiftUIiOS" */ = {
			isa = XCConfigurationList;
			buildConfigurations = (
				5B000B020000000000000B02 /* Debug */,
				5B000B030000000000000B03 /* Release */,
			);
			defaultConfigurationIsVisible = 0;
			defaultConfigurationName = Release;
		};
		5B0009020000000000000902 /* Build configuration list for PBXNativeTarget "SomePlayerSwiftUIMac" */ = {
			isa = XCConfigurationList;
			buildConfigurations = (
				5B000B040000000000000B04 /* Debug */,
				5B000B050000000000000B05 /* Release */,
			);
			defaultConfigurationIsVisible = 0;
			defaultConfigurationName = Release;
		};
/* End XCConfigurationList section */

/* Begin XCLocalSwiftPackageReference section */
		5B0005000000000000000500 /* XCLocalSwiftPackageReference "../.." */ = {
			isa = XCLocalSwiftPackageReference;
			relativePath = ../..;
		};
/* End XCLocalSwiftPackageReference section */

/* Begin XCSwiftPackageProductDependency section */
		5B0005010000000000000501 /* SomePlayer */ = {
			isa = XCSwiftPackageProductDependency;
			package = 5B0005000000000000000500 /* XCLocalSwiftPackageReference "../.." */;
			productName = SomePlayer;
		};
/* End XCSwiftPackageProductDependency section */
	};
	rootObject = 5B000A010000000000000A01 /* Project object */;
}
